// !$*UTF8*$!
{
	archiveVersion = 1;
	classes = {
	};
	objectVersion = 46;
	objects = {

/* Begin PBXBuildFile section */
		629088BA2997499DA7F1005C /* libPods.a in Frameworks */ = {isa = PBXBuildFile; fileRef = 04D5B5F7B08742AC836EA7D7 /* libPods.a */; };
		D96268E119C8EACF00DA08F3 /* DetailsViewController.swift in Sources */ = {isa = PBXBuildFile; fileRef = D96268E019C8EACF00DA08F3 /* DetailsViewController.swift */; };
		D9845A3719C1484800AF9F22 /* AppDelegate.swift in Sources */ = {isa = PBXBuildFile; fileRef = D9845A3619C1484800AF9F22 /* AppDelegate.swift */; };
		D9845A3C19C1484800AF9F22 /* Main.storyboard in Resources */ = {isa = PBXBuildFile; fileRef = D9845A3A19C1484800AF9F22 /* Main.storyboard */; };
		D9845A3E19C1484800AF9F22 /* Images.xcassets in Resources */ = {isa = PBXBuildFile; fileRef = D9845A3D19C1484800AF9F22 /* Images.xcassets */; };
		D9845A4119C1484800AF9F22 /* LaunchScreen.xib in Resources */ = {isa = PBXBuildFile; fileRef = D9845A3F19C1484800AF9F22 /* LaunchScreen.xib */; };
		D9845A4D19C1484800AF9F22 /* rottenTests.swift in Sources */ = {isa = PBXBuildFile; fileRef = D9845A4C19C1484800AF9F22 /* rottenTests.swift */; };
		D9845A5719C1492E00AF9F22 /* MoviesViewController.swift in Sources */ = {isa = PBXBuildFile; fileRef = D9845A5619C1492E00AF9F22 /* MoviesViewController.swift */; };
		D9D554FC19C84C3D00123F9C /* MovieCell.swift in Sources */ = {isa = PBXBuildFile; fileRef = D9D554FB19C84C3D00123F9C /* MovieCell.swift */; };
/* End PBXBuildFile section */

/* Begin PBXContainerItemProxy section */
		D9845A4719C1484800AF9F22 /* PBXContainerItemProxy */ = {
			isa = PBXContainerItemProxy;
			containerPortal = D9845A2919C1484800AF9F22 /* Project object */;
			proxyType = 1;
			remoteGlobalIDString = D9845A3019C1484800AF9F22;
			remoteInfo = rotten;
		};
/* End PBXContainerItemProxy section */

/* Begin PBXFileReference section */
		04D5B5F7B08742AC836EA7D7 /* libPods.a */ = {isa = PBXFileReference; explicitFileType = archive.ar; includeInIndex = 0; path = libPods.a; sourceTree = BUILT_PRODUCTS_DIR; };
		A25A4F585F57449B890D8E4F /* Pods.xcconfig */ = {isa = PBXFileReference; includeInIndex = 1; lastKnownFileType = text.xcconfig; name = Pods.xcconfig; path = Pods/Pods.xcconfig; sourceTree = "<group>"; };
		D96268DB19C85D0900DA08F3 /* rotten-Bridging-Header.h */ = {isa = PBXFileReference; lastKnownFileType = sourcecode.c.h; path = "rotten-Bridging-Header.h"; sourceTree = "<group>"; };
		D96268E019C8EACF00DA08F3 /* DetailsViewController.swift */ = {isa = PBXFileReference; fileEncoding = 4; lastKnownFileType = sourcecode.swift; path = DetailsViewController.swift; sourceTree = "<group>"; };
		D9845A3119C1484800AF9F22 /* rotten.app */ = {isa = PBXFileReference; explicitFileType = wrapper.application; includeInIndex = 0; path = rotten.app; sourceTree = BUILT_PRODUCTS_DIR; };
		D9845A3519C1484800AF9F22 /* Info.plist */ = {isa = PBXFileReference; lastKnownFileType = text.plist.xml; path = Info.plist; sourceTree = "<group>"; };
		D9845A3619C1484800AF9F22 /* AppDelegate.swift */ = {isa = PBXFileReference; lastKnownFileType = sourcecode.swift; path = AppDelegate.swift; sourceTree = "<group>"; };
		D9845A3B19C1484800AF9F22 /* Base */ = {isa = PBXFileReference; lastKnownFileType = file.storyboard; name = Base; path = Base.lproj/Main.storyboard; sourceTree = "<group>"; };
		D9845A3D19C1484800AF9F22 /* Images.xcassets */ = {isa = PBXFileReference; lastKnownFileType = folder.assetcatalog; path = Images.xcassets; sourceTree = "<group>"; };
		D9845A4019C1484800AF9F22 /* Base */ = {isa = PBXFileReference; lastKnownFileType = file.xib; name = Base; path = Base.lproj/LaunchScreen.xib; sourceTree = "<group>"; };
		D9845A4619C1484800AF9F22 /* rottenTests.xctest */ = {isa = PBXFileReference; explicitFileType = wrapper.cfbundle; includeInIndex = 0; path = rottenTests.xctest; sourceTree = BUILT_PRODUCTS_DIR; };
		D9845A4B19C1484800AF9F22 /* Info.plist */ = {isa = PBXFileReference; lastKnownFileType = text.plist.xml; path = Info.plist; sourceTree = "<group>"; };
		D9845A4C19C1484800AF9F22 /* rottenTests.swift */ = {isa = PBXFileReference; lastKnownFileType = sourcecode.swift; path = rottenTests.swift; sourceTree = "<group>"; };
		D9845A5619C1492E00AF9F22 /* MoviesViewController.swift */ = {isa = PBXFileReference; fileEncoding = 4; lastKnownFileType = sourcecode.swift; path = MoviesViewController.swift; sourceTree = "<group>"; };
		D9D554FB19C84C3D00123F9C /* MovieCell.swift */ = {isa = PBXFileReference; fileEncoding = 4; lastKnownFileType = sourcecode.swift; path = MovieCell.swift; sourceTree = "<group>"; };
/* End PBXFileReference section */

/* Begin PBXFrameworksBuildPhase section */
		D9845A2E19C1484800AF9F22 /* Frameworks */ = {
			isa = PBXFrameworksBuildPhase;
			buildActionMask = 2147483647;
			files = (
				629088BA2997499DA7F1005C /* libPods.a in Frameworks */,
			);
			runOnlyForDeploymentPostprocessing = 0;
		};
		D9845A4319C1484800AF9F22 /* Frameworks */ = {
			isa = PBXFrameworksBuildPhase;
			buildActionMask = 2147483647;
			files = (
			);
			runOnlyForDeploymentPostprocessing = 0;
		};
/* End PBXFrameworksBuildPhase section */

/* Begin PBXGroup section */
		2314878FDDD14CB28F3E2F03 /* Frameworks */ = {
			isa = PBXGroup;
			children = (
				04D5B5F7B08742AC836EA7D7 /* libPods.a */,
			);
			name = Frameworks;
			sourceTree = "<group>";
		};
		D9845A2819C1484800AF9F22 = {
			isa = PBXGroup;
			children = (
				D9845A3319C1484800AF9F22 /* rotten */,
				D9845A4919C1484800AF9F22 /* rottenTests */,
				D9845A3219C1484800AF9F22 /* Products */,
				A25A4F585F57449B890D8E4F /* Pods.xcconfig */,
				2314878FDDD14CB28F3E2F03 /* Frameworks */,
			);
			sourceTree = "<group>";
		};
		D9845A3219C1484800AF9F22 /* Products */ = {
			isa = PBXGroup;
			children = (
				D9845A3119C1484800AF9F22 /* rotten.app */,
				D9845A4619C1484800AF9F22 /* rottenTests.xctest */,
			);
			name = Products;
			sourceTree = "<group>";
		};
		D9845A3319C1484800AF9F22 /* rotten */ = {
			isa = PBXGroup;
			children = (
				D96268E019C8EACF00DA08F3 /* DetailsViewController.swift */,
				D9845A5619C1492E00AF9F22 /* MoviesViewController.swift */,
				D9D554FB19C84C3D00123F9C /* MovieCell.swift */,
				D9845A3619C1484800AF9F22 /* AppDelegate.swift */,
				D9845A3A19C1484800AF9F22 /* Main.storyboard */,
				D9845A3D19C1484800AF9F22 /* Images.xcassets */,
				D9845A3F19C1484800AF9F22 /* LaunchScreen.xib */,
				D9845A3419C1484800AF9F22 /* Supporting Files */,
				D96268DB19C85D0900DA08F3 /* rotten-Bridging-Header.h */,
			);
			path = rotten;
			sourceTree = "<group>";
		};
		D9845A3419C1484800AF9F22 /* Supporting Files */ = {
			isa = PBXGroup;
			children = (
				D9845A3519C1484800AF9F22 /* Info.plist */,
			);
			name = "Supporting Files";
			sourceTree = "<group>";
		};
		D9845A4919C1484800AF9F22 /* rottenTests */ = {
			isa = PBXGroup;
			children = (
				D9845A4C19C1484800AF9F22 /* rottenTests.swift */,
				D9845A4A19C1484800AF9F22 /* Supporting Files */,
			);
			path = rottenTests;
			sourceTree = "<group>";
		};
		D9845A4A19C1484800AF9F22 /* Supporting Files */ = {
			isa = PBXGroup;
			children = (
				D9845A4B19C1484800AF9F22 /* Info.plist */,
			);
			name = "Supporting Files";
			sourceTree = "<group>";
		};
/* End PBXGroup section */

/* Begin PBXNativeTarget section */
		D9845A3019C1484800AF9F22 /* rotten */ = {
			isa = PBXNativeTarget;
			buildConfigurationList = D9845A5019C1484800AF9F22 /* Build configuration list for PBXNativeTarget "rotten" */;
			buildPhases = (
				93A6DB6AEDD94D55A7002BE6 /* Check Pods Manifest.lock */,
				D9845A2D19C1484800AF9F22 /* Sources */,
				D9845A2E19C1484800AF9F22 /* Frameworks */,
				D9845A2F19C1484800AF9F22 /* Resources */,
				9063794CB0F1494EBB4048BD /* Copy Pods Resources */,
			);
			buildRules = (
			);
			dependencies = (
			);
			name = rotten;
			productName = rotten;
			productReference = D9845A3119C1484800AF9F22 /* rotten.app */;
			productType = "com.apple.product-type.application";
		};
		D9845A4519C1484800AF9F22 /* rottenTests */ = {
			isa = PBXNativeTarget;
			buildConfigurationList = D9845A5319C1484800AF9F22 /* Build configuration list for PBXNativeTarget "rottenTests" */;
			buildPhases = (
				D9845A4219C1484800AF9F22 /* Sources */,
				D9845A4319C1484800AF9F22 /* Frameworks */,
				D9845A4419C1484800AF9F22 /* Resources */,
			);
			buildRules = (
			);
			dependencies = (
				D9845A4819C1484800AF9F22 /* PBXTargetDependency */,
			);
			name = rottenTests;
			productName = rottenTests;
			productReference = D9845A4619C1484800AF9F22 /* rottenTests.xctest */;
			productType = "com.apple.product-type.bundle.unit-test";
		};
/* End PBXNativeTarget section */

/* Begin PBXProject section */
		D9845A2919C1484800AF9F22 /* Project object */ = {
			isa = PBXProject;
			attributes = {
				LastUpgradeCheck = 0600;
				ORGANIZATIONNAME = "Niaz Jalal";
				TargetAttributes = {
					D9845A3019C1484800AF9F22 = {
						CreatedOnToolsVersion = 6.0;
					};
					D9845A4519C1484800AF9F22 = {
						CreatedOnToolsVersion = 6.0;
						TestTargetID = D9845A3019C1484800AF9F22;
					};
				};
			};
			buildConfigurationList = D9845A2C19C1484800AF9F22 /* Build configuration list for PBXProject "rotten" */;
			compatibilityVersion = "Xcode 3.2";
			developmentRegion = English;
			hasScannedForEncodings = 0;
			knownRegions = (
				en,
				Base,
			);
			mainGroup = D9845A2819C1484800AF9F22;
			productRefGroup = D9845A3219C1484800AF9F22 /* Products */;
			projectDirPath = "";
			projectRoot = "";
			targets = (
				D9845A3019C1484800AF9F22 /* rotten */,
				D9845A4519C1484800AF9F22 /* rottenTests */,
			);
		};
/* End PBXProject section */

/* Begin PBXResourcesBuildPhase section */
		D9845A2F19C1484800AF9F22 /* Resources */ = {
			isa = PBXResourcesBuildPhase;
			buildActionMask = 2147483647;
			files = (
				D9845A3C19C1484800AF9F22 /* Main.storyboard in Resources */,
				D9845A4119C1484800AF9F22 /* LaunchScreen.xib in Resources */,
				D9845A3E19C1484800AF9F22 /* Images.xcassets in Resources */,
			);
			runOnlyForDeploymentPostprocessing = 0;
		};
		D9845A4419C1484800AF9F22 /* Resources */ = {
			isa = PBXResourcesBuildPhase;
			buildActionMask = 2147483647;
			files = (
			);
			runOnlyForDeploymentPostprocessing = 0;
		};
/* End PBXResourcesBuildPhase section */

/* Begin PBXShellScriptBuildPhase section */
		9063794CB0F1494EBB4048BD /* Copy Pods Resources */ = {
			isa = PBXShellScriptBuildPhase;
			buildActionMask = 2147483647;
			files = (
			);
			inputPaths = (
			);
			name = "Copy Pods Resources";
			outputPaths = (
			);
			runOnlyForDeploymentPostprocessing = 0;
			shellPath = /bin/sh;
			shellScript = "\"${SRCROOT}/Pods/Pods-resources.sh\"\n";
			showEnvVarsInLog = 0;
		};
		93A6DB6AEDD94D55A7002BE6 /* Check Pods Manifest.lock */ = {
			isa = PBXShellScriptBuildPhase;
			buildActionMask = 2147483647;
			files = (
			);
			inputPaths = (
			);
			name = "Check Pods Manifest.lock";
			outputPaths = (
			);
			runOnlyForDeploymentPostprocessing = 0;
			shellPath = /bin/sh;
			shellScript = "diff \"${PODS_ROOT}/../Podfile.lock\" \"${PODS_ROOT}/Manifest.lock\" > /dev/null\nif [[ $? != 0 ]] ; then\n    cat << EOM\nerror: The sandbox is not in sync with the Podfile.lock. Run 'pod install' or update your CocoaPods installation.\nEOM\n    exit 1\nfi\n";
			showEnvVarsInLog = 0;
		};
/* End PBXShellScriptBuildPhase section */

/* Begin PBXSourcesBuildPhase section */
		D9845A2D19C1484800AF9F22 /* Sources */ = {
			isa = PBXSourcesBuildPhase;
			buildActionMask = 2147483647;
			files = (
				D9845A3719C1484800AF9F22 /* AppDelegate.swift in Sources */,
				D9845A5719C1492E00AF9F22 /* MoviesViewController.swift in Sources */,
				D9D554FC19C84C3D00123F9C /* MovieCell.swift in Sources */,
				D96268E119C8EACF00DA08F3 /* DetailsViewController.swift in Sources */,
			);
			runOnlyForDeploymentPostprocessing = 0;
		};
		D9845A4219C1484800AF9F22 /* Sources */ = {
			isa = PBXSourcesBuildPhase;
			buildActionMask = 2147483647;
			files = (
				D9845A4D19C1484800AF9F22 /* rottenTests.swift in Sources */,
			);
			runOnlyForDeploymentPostprocessing = 0;
		};
/* End PBXSourcesBuildPhase section */

/* Begin PBXTargetDependency section */
		D9845A4819C1484800AF9F22 /* PBXTargetDependency */ = {
			isa = PBXTargetDependency;
			target = D9845A3019C1484800AF9F22 /* rotten */;
			targetProxy = D9845A4719C1484800AF9F22 /* PBXContainerItemProxy */;
		};
/* End PBXTargetDependency section */

/* Begin PBXVariantGroup section */
		D9845A3A19C1484800AF9F22 /* Main.storyboard */ = {
			isa = PBXVariantGroup;
			children = (
				D9845A3B19C1484800AF9F22 /* Base */,
			);
			name = Main.storyboard;
			sourceTree = "<group>";
		};
		D9845A3F19C1484800AF9F22 /* LaunchScreen.xib */ = {
			isa = PBXVariantGroup;
			children = (
				D9845A4019C1484800AF9F22 /* Base */,
			);
			name = LaunchScreen.xib;
			sourceTree = "<group>";
		};
/* End PBXVariantGroup section */

/* Begin XCBuildConfiguration section */
		D9845A4E19C1484800AF9F22 /* Debug */ = {
			isa = XCBuildConfiguration;
			buildSettings = {
				ALWAYS_SEARCH_USER_PATHS = NO;
				CLANG_CXX_LANGUAGE_STANDARD = "gnu++0x";
				CLANG_CXX_LIBRARY = "libc++";
				CLANG_ENABLE_MODULES = YES;
				CLANG_ENABLE_OBJC_ARC = YES;
				CLANG_WARN_BOOL_CONVERSION = YES;
				CLANG_WARN_CONSTANT_CONVERSION = YES;
				CLANG_WARN_DIRECT_OBJC_ISA_USAGE = YES_ERROR;
				CLANG_WARN_EMPTY_BODY = YES;
				CLANG_WARN_ENUM_CONVERSION = YES;
				CLANG_WARN_INT_CONVERSION = YES;
				CLANG_WARN_OBJC_ROOT_CLASS = YES_ERROR;
				CLANG_WARN_UNREACHABLE_CODE = YES;
				CLANG_WARN__DUPLICATE_METHOD_MATCH = YES;
				"CODE_SIGN_IDENTITY[sdk=iphoneos*]" = "iPhone Developer";
				COPY_PHASE_STRIP = NO;
				ENABLE_STRICT_OBJC_MSGSEND = YES;
				GCC_C_LANGUAGE_STANDARD = gnu99;
				GCC_DYNAMIC_NO_PIC = NO;
				GCC_OPTIMIZATION_LEVEL = 0;
				GCC_PREPROCESSOR_DEFINITIONS = (
					"DEBUG=1",
					"$(inherited)",
				);
				GCC_SYMBOLS_PRIVATE_EXTERN = NO;
				GCC_WARN_64_TO_32_BIT_CONVERSION = YES;
				GCC_WARN_ABOUT_RETURN_TYPE = YES_ERROR;
				GCC_WARN_UNDECLARED_SELECTOR = YES;
				GCC_WARN_UNINITIALIZED_AUTOS = YES_AGGRESSIVE;
				GCC_WARN_UNUSED_FUNCTION = YES;
				GCC_WARN_UNUSED_VARIABLE = YES;
				IPHONEOS_DEPLOYMENT_TARGET = 8.0;
				MTL_ENABLE_DEBUG_INFO = YES;
				ONLY_ACTIVE_ARCH = YES;
				SDKROOT = iphoneos;
				SWIFT_OPTIMIZATION_LEVEL = "-Onone";
			};
			name = Debug;
		};
		D9845A4F19C1484800AF9F22 /* Release */ = {
			isa = XCBuildConfiguration;
			buildSettings = {
				ALWAYS_SEARCH_USER_PATHS = NO;
				CLANG_CXX_LANGUAGE_STANDARD = "gnu++0x";
				CLANG_CXX_LIBRARY = "libc++";
				CLANG_ENABLE_MODULES = YES;
				CLANG_ENABLE_OBJC_ARC = YES;
				CLANG_WARN_BOOL_CONVERSION = YES;
				CLANG_WARN_CONSTANT_CONVERSION = YES;
				CLANG_WARN_DIRECT_OBJC_ISA_USAGE = YES_ERROR;
				CLANG_WARN_EMPTY_BODY = YES;
				CLANG_WARN_ENUM_CONVERSION = YES;
				CLANG_WARN_INT_CONVERSION = YES;
				CLANG_WARN_OBJC_ROOT_CLASS = YES_ERROR;
				CLANG_WARN_UNREACHABLE_CODE = YES;
				CLANG_WARN__DUPLICATE_METHOD_MATCH = YES;
				"CODE_SIGN_IDENTITY[sdk=iphoneos*]" = "iPhone Developer";
				COPY_PHASE_STRIP = YES;
				ENABLE_NS_ASSERTIONS = NO;
				ENABLE_STRICT_OBJC_MSGSEND = YES;
				GCC_C_LANGUAGE_STANDARD = gnu99;
				GCC_WARN_64_TO_32_BIT_CONVERSION = YES;
				GCC_WARN_ABOUT_RETURN_TYPE = YES_ERROR;
				GCC_WARN_UNDECLARED_SELECTOR = YES;
				GCC_WARN_UNINITIALIZED_AUTOS = YES_AGGRESSIVE;
				GCC_WARN_UNUSED_FUNCTION = YES;
				GCC_WARN_UNUSED_VARIABLE = YES;
				IPHONEOS_DEPLOYMENT_TARGET = 8.0;
				MTL_ENABLE_DEBUG_INFO = NO;
				SDKROOT = iphoneos;
				VALIDATE_PRODUCT = YES;
			};
			name = Release;
		};
		D9845A5119C1484800AF9F22 /* Debug */ = {
			isa = XCBuildConfiguration;
			baseConfigurationReference = A25A4F585F57449B890D8E4F /* Pods.xcconfig */;
			buildSettings = {
				ASSETCATALOG_COMPILER_APPICON_NAME = AppIcon;
				CLANG_ENABLE_MODULES = YES;
				INFOPLIST_FILE = rotten/Info.plist;
				LD_RUNPATH_SEARCH_PATHS = "$(inherited) @executable_path/Frameworks";
				PRODUCT_NAME = "$(TARGET_NAME)";
				SWIFT_OBJC_BRIDGING_HEADER = "rotten/rotten-Bridging-Header.h";
				SWIFT_OPTIMIZATION_LEVEL = "-Onone";
			};
			name = Debug;
		};
		D9845A5219C1484800AF9F22 /* Release */ = {
			isa = XCBuildConfiguration;
			baseConfigurationReference = A25A4F585F57449B890D8E4F /* Pods.xcconfig */;
			buildSettings = {
				ASSETCATALOG_COMPILER_APPICON_NAME = AppIcon;
				CLANG_ENABLE_MODULES = YES;
				INFOPLIST_FILE = rotten/Info.plist;
				LD_RUNPATH_SEARCH_PATHS = "$(inherited) @executable_path/Frameworks";
				PRODUCT_NAME = "$(TARGET_NAME)";
				SWIFT_OBJC_BRIDGING_HEADER = "rotten/rotten-Bridging-Header.h";
			};
			name = Release;
		};
		D9845A5419C1484800AF9F22 /* Debug */ = {
			isa = XCBuildConfiguration;
			buildSettings = {
				BUNDLE_LOADER = "$(TEST_HOST)";
				FRAMEWORK_SEARCH_PATHS = (
					"$(SDKROOT)/Developer/Library/Frameworks",
					"$(inherited)",
				);
				GCC_PREPROCESSOR_DEFINITIONS = (
					"DEBUG=1",
					"$(inherited)",
				);
				INFOPLIST_FILE = rottenTests/Info.plist;
				LD_RUNPATH_SEARCH_PATHS = "$(inherited) @executable_path/Frameworks @loader_path/Frameworks";
				PRODUCT_NAME = "$(TARGET_NAME)";
				TEST_HOST = "$(BUILT_PRODUCTS_DIR)/rotten.app/rotten";
			};
			name = Debug;
		};
		D9845A5519C1484800AF9F22 /* Release */ = {
			isa = XCBuildConfiguration;
			buildSettings = {
				BUNDLE_LOADER = "$(TEST_HOST)";
				FRAMEWORK_SEARCH_PATHS = (
					"$(SDKROOT)/Developer/Library/Frameworks",
					"$(inherited)",
				);
				INFOPLIST_FILE = rottenTests/Info.plist;
				LD_RUNPATH_SEARCH_PATHS = "$(inherited) @executable_path/Frameworks @loader_path/Frameworks";
				PRODUCT_NAME = "$(TARGET_NAME)";
				TEST_HOST = "$(BUILT_PRODUCTS_DIR)/rotten.app/rotten";
			};
			name = Release;
		};
/* End XCBuildConfiguration section */

/* Begin XCConfigurationList section */
		D9845A2C19C1484800AF9F22 /* Build configuration list for PBXProject "rotten" */ = {
			isa = XCConfigurationList;
			buildConfigurations = (
				D9845A4E19C1484800AF9F22 /* Debug */,
				D9845A4F19C1484800AF9F22 /* Release */,
			);
			defaultConfigurationIsVisible = 0;
			defaultConfigurationName = Release;
		};
		D9845A5019C1484800AF9F22 /* Build configuration list for PBXNativeTarget "rotten" */ = {
			isa = XCConfigurationList;
			buildConfigurations = (
				D9845A5119C1484800AF9F22 /* Debug */,
				D9845A5219C1484800AF9F22 /* Release */,
			);
			defaultConfigurationIsVisible = 0;
			defaultConfigurationName = Release;
		};
		D9845A5319C1484800AF9F22 /* Build configuration list for PBXNativeTarget "rottenTests" */ = {
			isa = XCConfigurationList;
			buildConfigurations = (
				D9845A5419C1484800AF9F22 /* Debug */,
				D9845A5519C1484800AF9F22 /* Release */,
			);
			defaultConfigurationIsVisible = 0;
			defaultConfigurationName = Release;
		};
/* End XCConfigurationList section */
	};
	rootObject = D9845A2919C1484800AF9F22 /* Project object */;
}
